// !$*UTF8*$!
{
	archiveVersion = 1;
	classes = {
	};
	objectVersion = 46;
	objects = {

/* Begin PBXBuildFile section */
		5565DA6D1C80BC200014CF70 /* P2.cpp in Sources */ = {isa = PBXBuildFile; fileRef = 5565DA6C1C80BC200014CF70 /* P2.cpp */; };
		5565DA761C80BD890014CF70 /* Database.cpp in Sources */ = {isa = PBXBuildFile; fileRef = 5565DA751C80BD890014CF70 /* Database.cpp */; };
		5565DA781C80BD9B0014CF70 /* Student.cpp in Sources */ = {isa = PBXBuildFile; fileRef = 5565DA771C80BD9B0014CF70 /* Student.cpp */; };
/* End PBXBuildFile section */

/* Begin PBXCopyFilesBuildPhase section */
		5565DA671C80BC200014CF70 /* CopyFiles */ = {
			isa = PBXCopyFilesBuildPhase;
			buildActionMask = 2147483647;
			dstPath = /usr/share/man/man1/;
			dstSubfolderSpec = 0;
			files = (
			);
			runOnlyForDeploymentPostprocessing = 1;
		};
/* End PBXCopyFilesBuildPhase section */

/* Begin PBXFileReference section */
		5563DAE81C9CC091001E6576 /* Database.h */ = {isa = PBXFileReference; fileEncoding = 4; lastKnownFileType = sourcecode.c.h; path = Database.h; sourceTree = "<group>"; };
		5563DAE91C9CC091001E6576 /* Student.h */ = {isa = PBXFileReference; fileEncoding = 4; lastKnownFileType = sourcecode.c.h; path = Student.h; sourceTree = "<group>"; };
		5565DA691C80BC200014CF70 /* P2 */ = {isa = PBXFileReference; explicitFileType = "compiled.mach-o.executable"; includeInIndex = 0; path = P2; sourceTree = BUILT_PRODUCTS_DIR; };
		5565DA6C1C80BC200014CF70 /* P2.cpp */ = {isa = PBXFileReference; lastKnownFileType = sourcecode.cpp.cpp; path = P2.cpp; sourceTree = "<group>"; };
		5565DA751C80BD890014CF70 /* Database.cpp */ = {isa = PBXFileReference; fileEncoding = 4; lastKnownFileType = sourcecode.cpp.cpp; path = Database.cpp; sourceTree = "<group>"; };
		5565DA771C80BD9B0014CF70 /* Student.cpp */ = {isa = PBXFileReference; fileEncoding = 4; lastKnownFileType = sourcecode.cpp.cpp; path = Student.cpp; sourceTree = "<group>"; };
		5568BBB61C9A5CAE00F710AE /* Input.txt */ = {isa = PBXFileReference; fileEncoding = 4; lastKnownFileType = text; name = Input.txt; path = P2/Input.txt; sourceTree = "<group>"; };
/* End PBXFileReference section */

/* Begin PBXFrameworksBuildPhase section */
		5565DA661C80BC200014CF70 /* Frameworks */ = {
			isa = PBXFrameworksBuildPhase;
			buildActionMask = 2147483647;
			files = (
			);
			runOnlyForDeploymentPostprocessing = 0;
		};
/* End PBXFrameworksBuildPhase section */

/* Begin PBXGroup section */
		5565DA601C80BC200014CF70 = {
			isa = PBXGroup;
			children = (
				5565DA6B1C80BC200014CF70 /* P2 */,
				5565DA6A1C80BC200014CF70 /* Products */,
				5568BBB61C9A5CAE00F710AE /* Input.txt */,
			);
			sourceTree = "<group>";
		};
		5565DA6A1C80BC200014CF70 /* Products */ = {
			isa = PBXGroup;
			children = (
				5565DA691C80BC200014CF70 /* P2 */,
			);
			name = Products;
			sourceTree = "<group>";
		};
		5565DA6B1C80BC200014CF70 /* P2 */ = {
			isa = PBXGroup;
			children = (
				5563DAE81C9CC091001E6576 /* Database.h */,
				5563DAE91C9CC091001E6576 /* Student.h */,
				5565DA6C1C80BC200014CF70 /* P2.cpp */,
				5565DA751C80BD890014CF70 /* Database.cpp */,
				5565DA771C80BD9B0014CF70 /* Student.cpp */,
			);
			path = P2;
			sourceTree = "<group>";
		};
/* End PBXGroup section */

/* Begin PBXNativeTarget section */
		5565DA681C80BC200014CF70 /* P2 */ = {
			isa = PBXNativeTarget;
			buildConfigurationList = 5565DA701C80BC200014CF70 /* Build configuration list for PBXNativeTarget "P2" */;
			buildPhases = (
				5565DA651C80BC200014CF70 /* Sources */,
				5565DA661C80BC200014CF70 /* Frameworks */,
				5565DA671C80BC200014CF70 /* CopyFiles */,
			);
			buildRules = (
			);
			dependencies = (
			);
			name = P2;
			productName = P2;
			productReference = 5565DA691C80BC200014CF70 /* P2 */;
			productType = "com.apple.product-type.tool";
		};
/* End PBXNativeTarget section */

/* Begin PBXProject section */
		5565DA611C80BC200014CF70 /* Project object */ = {
			isa = PBXProject;
			attributes = {
				LastUpgradeCheck = 0720;
				ORGANIZATIONNAME = Pippo;
				TargetAttributes = {
					5565DA681C80BC200014CF70 = {
						CreatedOnToolsVersion = 7.2.1;
					};
				};
			};
			buildConfigurationList = 5565DA641C80BC200014CF70 /* Build configuration list for PBXProject "P2" */;
			compatibilityVersion = "Xcode 3.2";
			developmentRegion = English;
			hasScannedForEncodings = 0;
			knownRegions = (
				en,
			);
			mainGroup = 5565DA601C80BC200014CF70;
			productRefGroup = 5565DA6A1C80BC200014CF70 /* Products */;
			projectDirPath = "";
			projectRoot = "";
			targets = (
				5565DA681C80BC200014CF70 /* P2 */,
			);
		};
/* End PBXProject section */

/* Begin PBXSourcesBuildPhase section */
		5565DA651C80BC200014CF70 /* Sources */ = {
			isa = PBXSourcesBuildPhase;
			buildActionMask = 2147483647;
			files = (
				5565DA781C80BD9B0014CF70 /* Student.cpp in Sources */,
				5565DA761C80BD890014CF70 /* Database.cpp in Sources */,
				5565DA6D1C80BC200014CF70 /* P2.cpp in Sources */,
			);
			runOnlyForDeploymentPostprocessing = 0;
		};
/* End PBXSourcesBuildPhase section */

/* Begin XCBuildConfiguration section */
		5565DA6E1C80BC200014CF70 /* Debug */ = {
			isa = XCBuildConfiguration;
			buildSettings = {
				ALWAYS_SEARCH_USER_PATHS = NO;
				CLANG_CXX_LANGUAGE_STANDARD = "gnu++0x";
				CLANG_CXX_LIBRARY = "libc++";
				CLANG_ENABLE_MODULES = YES;
				CLANG_ENABLE_OBJC_ARC = YES;
				CLANG_WARN_BOOL_CONVERSION = YES;
				CLANG_WARN_CONSTANT_CONVERSION = YES;
				CLANG_WARN_DIRECT_OBJC_ISA_USAGE = YES_ERROR;
				CLANG_WARN_EMPTY_BODY = YES;
				CLANG_WARN_ENUM_CONVERSION = YES;
				CLANG_WARN_INT_CONVERSION = YES;
				CLANG_WARN_OBJC_ROOT_CLASS = YES_ERROR;
				CLANG_WARN_UNREACHABLE_CODE = YES;
				CLANG_WARN__DUPLICATE_METHOD_MATCH = YES;
				CODE_SIGN_IDENTITY = "-";
				COPY_PHASE_STRIP = NO;
				DEBUG_INFORMATION_FORMAT = dwarf;
				ENABLE_STRICT_OBJC_MSGSEND = YES;
				ENABLE_TESTABILITY = YES;
				GCC_C_LANGUAGE_STANDARD = gnu99;
				GCC_DYNAMIC_NO_PIC = NO;
				GCC_NO_COMMON_BLOCKS = YES;
				GCC_OPTIMIZATION_LEVEL = 0;
				GCC_PREPROCESSOR_DEFINITIONS = (
					"DEBUG=1",
					"$(inherited)",
				);
				GCC_WARN_64_TO_32_BIT_CONVERSION = YES;
				GCC_WARN_ABOUT_RETURN_TYPE = YES_ERROR;
				GCC_WARN_UNDECLARED_SELECTOR = YES;
				GCC_WARN_UNINITIALIZED_AUTOS = YES_AGGRESSIVE;
				GCC_WARN_UNUSED_FUNCTION = YES;
				GCC_WARN_UNUSED_VARIABLE = YES;
				MACOSX_DEPLOYMENT_TARGET = 10.11;
				MTL_ENABLE_DEBUG_INFO = YES;
				ONLY_ACTIVE_ARCH = YES;
				SDKROOT = macosx;
			};
			name = Debug;
		};
		5565DA6F1C80BC200014CF70 /* Release */ = {
			isa = XCBuildConfiguration;
			buildSettings = {
				ALWAYS_SEARCH_USER_PATHS = NO;
				CLANG_CXX_LANGUAGE_STANDARD = "gnu++0x";
				CLANG_CXX_LIBRARY = "libc++";
				CLANG_ENABLE_MODULES = YES;
				CLANG_ENABLE_OBJC_ARC = YES;
				CLANG_WARN_BOOL_CONVERSION = YES;
				CLANG_WARN_CONSTANT_CONVERSION = YES;
				CLANG_WARN_DIRECT_OBJC_ISA_USAGE = YES_ERROR;
				CLANG_WARN_EMPTY_BODY = YES;
				CLANG_WARN_ENUM_CONVERSION = YES;
				CLANG_WARN_INT_CONVERSION = YES;
				CLANG_WARN_OBJC_ROOT_CLASS = YES_ERROR;
				CLANG_WARN_UNREACHABLE_CODE = YES;
				CLANG_WARN__DUPLICATE_METHOD_MATCH = YES;
				CODE_SIGN_IDENTITY = "-";
				COPY_PHASE_STRIP = NO;
				DEBUG_INFORMATION_FORMAT = "dwarf-with-dsym";
				ENABLE_NS_ASSERTIONS = NO;
				ENABLE_STRICT_OBJC_MSGSEND = YES;
				GCC_C_LANGUAGE_STANDARD = gnu99;
				GCC_NO_COMMON_BLOCKS = YES;
				GCC_WARN_64_TO_32_BIT_CONVERSION = YES;
				GCC_WARN_ABOUT_RETURN_TYPE = YES_ERROR;
				GCC_WARN_UNDECLARED_SELECTOR = YES;
				GCC_WARN_UNINITIALIZED_AUTOS = YES_AGGRESSIVE;
				GCC_WARN_UNUSED_FUNCTION = YES;
				GCC_WARN_UNUSED_VARIABLE = YES;
				MACOSX_DEPLOYMENT_TARGET = 10.11;
				MTL_ENABLE_DEBUG_INFO = NO;
				SDKROOT = macosx;
			};
			name = Release;
		};
		5565DA711C80BC200014CF70 /* Debug */ = {
			isa = XCBuildConfiguration;
			buildSettings = {
				PRODUCT_NAME = "$(TARGET_NAME)";
			};
			name = Debug;
		};
		5565DA721C80BC200014CF70 /* Release */ = {
			isa = XCBuildConfiguration;
			buildSettings = {
				PRODUCT_NAME = "$(TARGET_NAME)";
			};
			name = Release;
		};
/* End XCBuildConfiguration section */

/* Begin XCConfigurationList section */
		5565DA641C80BC200014CF70 /* Build configuration list for PBXProject "P2" */ = {
			isa = XCConfigurationList;
			buildConfigurations = (
				5565DA6E1C80BC200014CF70 /* Debug */,
				5565DA6F1C80BC200014CF70 /* Release */,
			);
			defaultConfigurationIsVisible = 0;
			defaultConfigurationName = Release;
		};
		5565DA701C80BC200014CF70 /* Build configuration list for PBXNativeTarget "P2" */ = {
			isa = XCConfigurationList;
			buildConfigurations = (
				5565DA711C80BC200014CF70 /* Debug */,
				5565DA721C80BC200014CF70 /* Release */,
			);
			defaultConfigurationIsVisible = 0;
			defaultConfigurationName = Release;
		};
/* End XCConfigurationList section */
	};
	rootObject = 5565DA611C80BC200014CF70 /* Project object */;
}
